
Microsoft Visual Studio Solution File, Format Version 12.00
# Visual Studio 15
VisualStudioVersion = 15.0.26228.4
MinimumVisualStudioVersion = 10.0.40219.1
Project("{FAE04EC0-301F-11D3-BF4B-00C04F79EFBC}") = "HoloTinAR", "HoloTinAR\HoloTinAR.csproj", "{13A45C13-3265-47B8-BC48-A553B569DF55}"
EndProject
Project("{FAE04EC0-301F-11D3-BF4B-00C04F79EFBC}") = "Assembly-CSharp", "C:\Users\fabia\Desktop\VW Längsträger\HoloTinAR\HoloTinAR\App\GeneratedProjects\UWP\Assembly-CSharp\Assembly-CSharp.csproj", "{801F11E4-B9C6-483B-91A0-BA02E2DAFCD5}"
EndProject
Project("{FAE04EC0-301F-11D3-BF4B-00C04F79EFBC}") = "Assembly-CSharp-firstpass", "C:\Users\fabia\Desktop\VW Längsträger\HoloTinAR\HoloTinAR\App\GeneratedProjects\UWP\Assembly-CSharp-firstpass\Assembly-CSharp-firstpass.csproj", "{564B7EF6-BDF0-4CB1-B26A-3D98E96C8E73}"
EndProject
Global
	GlobalSection(SolutionConfigurationPlatforms) = preSolution
		Debug|ARM = Debug|ARM
		Debug|x64 = Debug|x64
		Debug|x86 = Debug|x86
		Master|ARM = Master|ARM
		Master|x64 = Master|x64
		Master|x86 = Master|x86
		Release|ARM = Release|ARM
		Release|x64 = Release|x64
		Release|x86 = Release|x86
	EndGlobalSection
	GlobalSection(ProjectConfigurationPlatforms) = postSolution
		{13A45C13-3265-47B8-BC48-A553B569DF55}.Debug|ARM.ActiveCfg = Debug|ARM
		{13A45C13-3265-47B8-BC48-A553B569DF55}.Debug|ARM.Build.0 = Debug|ARM
		{13A45C13-3265-47B8-BC48-A553B569DF55}.Debug|ARM.Deploy.0 = Debug|ARM
		{13A45C13-3265-47B8-BC48-A553B569DF55}.Debug|x64.ActiveCfg = Debug|x64
		{13A45C13-3265-47B8-BC48-A553B569DF55}.Debug|x64.Build.0 = Debug|x64
		{13A45C13-3265-47B8-BC48-A553B569DF55}.Debug|x64.Deploy.0 = Debug|x64
		{13A45C13-3265-47B8-BC48-A553B569DF55}.Debug|x86.ActiveCfg = Debug|x86
		{13A45C13-3265-47B8-BC48-A553B569DF55}.Debug|x86.Build.0 = Debug|x86
		{13A45C13-3265-47B8-BC48-A553B569DF55}.Debug|x86.Deploy.0 = Debug|x86
		{13A45C13-3265-47B8-BC48-A553B569DF55}.Master|ARM.ActiveCfg = Master|ARM
		{13A45C13-3265-47B8-BC48-A553B569DF55}.Master|ARM.Build.0 = Master|ARM
		{13A45C13-3265-47B8-BC48-A553B569DF55}.Master|ARM.Deploy.0 = Master|ARM
		{13A45C13-3265-47B8-BC48-A553B569DF55}.Master|x64.ActiveCfg = Master|x64
		{13A45C13-3265-47B8-BC48-A553B569DF55}.Master|x64.Build.0 = Master|x64
		{13A45C13-3265-47B8-BC48-A553B569DF55}.Master|x64.Deploy.0 = Master|x64
		{13A45C13-3265-47B8-BC48-A553B569DF55}.Master|x86.ActiveCfg = Master|x86
		{13A45C13-3265-47B8-BC48-A553B569DF55}.Master|x86.Build.0 = Master|x86
		{13A45C13-3265-47B8-BC48-A553B569DF55}.Master|x86.Deploy.0 = Master|x86
		{13A45C13-3265-47B8-BC48-A553B569DF55}.Release|ARM.ActiveCfg = Release|ARM
		{13A45C13-3265-47B8-BC48-A553B569DF55}.Release|ARM.Build.0 = Release|ARM
		{13A45C13-3265-47B8-BC48-A553B569DF55}.Release|ARM.Deploy.0 = Release|ARM
		{13A45C13-3265-47B8-BC48-A553B569DF55}.Release|x64.ActiveCfg = Release|x64
		{13A45C13-3265-47B8-BC48-A553B569DF55}.Release|x64.Build.0 = Release|x64
		{13A45C13-3265-47B8-BC48-A553B569DF55}.Release|x64.Deploy.0 = Release|x64
		{13A45C13-3265-47B8-BC48-A553B569DF55}.Release|x86.ActiveCfg = Release|x86
		{13A45C13-3265-47B8-BC48-A553B569DF55}.Release|x86.Build.0 = Release|x86
		{13A45C13-3265-47B8-BC48-A553B569DF55}.Release|x86.Deploy.0 = Release|x86
		{801F11E4-B9C6-483B-91A0-BA02E2DAFCD5}.Debug|ARM.ActiveCfg = Debug|ARM
		{801F11E4-B9C6-483B-91A0-BA02E2DAFCD5}.Debug|ARM.Build.0 = Debug|ARM
		{801F11E4-B9C6-483B-91A0-BA02E2DAFCD5}.Debug|x64.ActiveCfg = Debug|x64
		{801F11E4-B9C6-483B-91A0-BA02E2DAFCD5}.Debug|x64.Build.0 = Debug|x64
		{801F11E4-B9C6-483B-91A0-BA02E2DAFCD5}.Debug|x86.ActiveCfg = Debug|x86
		{801F11E4-B9C6-483B-91A0-BA02E2DAFCD5}.Debug|x86.Build.0 = Debug|x86
		{801F11E4-B9C6-483B-91A0-BA02E2DAFCD5}.Master|ARM.ActiveCfg = Master|ARM
		{801F11E4-B9C6-483B-91A0-BA02E2DAFCD5}.Master|ARM.Build.0 = Master|ARM
		{801F11E4-B9C6-483B-91A0-BA02E2DAFCD5}.Master|x64.ActiveCfg = Master|x64
		{801F11E4-B9C6-483B-91A0-BA02E2DAFCD5}.Master|x64.Build.0 = Master|x64
		{801F11E4-B9C6-483B-91A0-BA02E2DAFCD5}.Master|x86.ActiveCfg = Master|x86
		{801F11E4-B9C6-483B-91A0-BA02E2DAFCD5}.Master|x86.Build.0 = Master|x86
		{801F11E4-B9C6-483B-91A0-BA02E2DAFCD5}.Release|ARM.ActiveCfg = Release|ARM
		{801F11E4-B9C6-483B-91A0-BA02E2DAFCD5}.Release|ARM.Build.0 = Release|ARM
		{801F11E4-B9C6-483B-91A0-BA02E2DAFCD5}.Release|x64.ActiveCfg = Release|x64
		{801F11E4-B9C6-483B-91A0-BA02E2DAFCD5}.Release|x64.Build.0 = Release|x64
		{801F11E4-B9C6-483B-91A0-BA02E2DAFCD5}.Release|x86.ActiveCfg = Release|x86
		{801F11E4-B9C6-483B-91A0-BA02E2DAFCD5}.Release|x86.Build.0 = Release|x86
		{564B7EF6-BDF0-4CB1-B26A-3D98E96C8E73}.Debug|ARM.ActiveCfg = Debug|ARM
		{564B7EF6-BDF0-4CB1-B26A-3D98E96C8E73}.Debug|ARM.Build.0 = Debug|ARM
		{564B7EF6-BDF0-4CB1-B26A-3D98E96C8E73}.Debug|x64.ActiveCfg = Debug|x64
		{564B7EF6-BDF0-4CB1-B26A-3D98E96C8E73}.Debug|x64.Build.0 = Debug|x64
		{564B7EF6-BDF0-4CB1-B26A-3D98E96C8E73}.Debug|x86.ActiveCfg = Debug|x86
		{564B7EF6-BDF0-4CB1-B26A-3D98E96C8E73}.Debug|x86.Build.0 = Debug|x86
		{564B7EF6-BDF0-4CB1-B26A-3D98E96C8E73}.Master|ARM.ActiveCfg = Master|ARM
		{564B7EF6-BDF0-4CB1-B26A-3D98E96C8E73}.Master|ARM.Build.0 = Master|ARM
		{564B7EF6-BDF0-4CB1-B26A-3D98E96C8E73}.Master|x64.ActiveCfg = Master|x64
		{564B7EF6-BDF0-4CB1-B26A-3D98E96C8E73}.Master|x64.Build.0 = Master|x64
		{564B7EF6-BDF0-4CB1-B26A-3D98E96C8E73}.Master|x86.ActiveCfg = Master|x86
		{564B7EF6-BDF0-4CB1-B26A-3D98E96C8E73}.Master|x86.Build.0 = Master|x86
		{564B7EF6-BDF0-4CB1-B26A-3D98E96C8E73}.Release|ARM.ActiveCfg = Release|ARM
		{564B7EF6-BDF0-4CB1-B26A-3D98E96C8E73}.Release|ARM.Build.0 = Release|ARM
		{564B7EF6-BDF0-4CB1-B26A-3D98E96C8E73}.Release|x64.ActiveCfg = Release|x64
		{564B7EF6-BDF0-4CB1-B26A-3D98E96C8E73}.Release|x64.Build.0 = Release|x64
		{564B7EF6-BDF0-4CB1-B26A-3D98E96C8E73}.Release|x86.ActiveCfg = Release|x86
		{564B7EF6-BDF0-4CB1-B26A-3D98E96C8E73}.Release|x86.Build.0 = Release|x86
	EndGlobalSection
	GlobalSection(SolutionProperties) = preSolution
		HideSolutionNode = FALSE
	EndGlobalSection
EndGlobal
